
Microsoft Visual Studio Solution File, Format Version 12.00
# Visual Studio Version 17
VisualStudioVersion = 17.7.34031.279
MinimumVisualStudioVersion = 10.0.40219.1
Project("{8BC9CEB8-8B4A-11D0-8D11-00A0C91BC942}") = "Express", "Express\Express.vcxproj", "{0F21E90B-F740-4630-AB8B-5B6163437723}"
EndProject
Project("{2150E333-8FDC-42A3-9474-1A3956D46DE8}") = "Dependencies", "Dependencies", "{B0954626-0D20-4A53-BEDB-80BF3406B2EC}"
EndProject
Project("{8BC9CEB8-8B4A-11D0-8D11-00A0C91BC942}") = "Sandbox", "Sandbox\Sandbox.vcxproj", "{AF11D856-E559-4651-AB45-2A1B6C515904}"
EndProject
Project("{8BC9CEB8-8B4A-11D0-8D11-00A0C91BC942}") = "Glad", "Express\vendor\Glad\Glad.vcxproj", "{7536A45E-E435-4666-80BA-C6AF85B31889}"
EndProject
Project("{8BC9CEB8-8B4A-11D0-8D11-00A0C91BC942}") = "GLFW", "Express\vendor\GLFW\GLFW.vcxproj", "{DDF81EE9-B856-436B-AC97-0C3099D8B55A}"
EndProject
Project("{8BC9CEB8-8B4A-11D0-8D11-00A0C91BC942}") = "glm", "Express\vendor\glm\glm.vcxproj", "{17DB7CCB-F30E-408B-BE67-F00A40AF67A6}"
EndProject
Project("{8BC9CEB8-8B4A-11D0-8D11-00A0C91BC942}") = "spdlog", "Express\vendor\spdlog\spdlog.vcxproj", "{768719D0-D126-44A4-952F-C0C846CC70E4}"
EndProject
Project("{8BC9CEB8-8B4A-11D0-8D11-00A0C91BC942}") = "ImGui", "Express\vendor\ImGui\ImGui.vcxproj", "{333DBDFA-4A91-493A-A720-D8150AB9C44D}"
EndProject
Project("{2150E333-8FDC-42A3-9474-1A3956D46DE8}") = "Tools", "Tools", "{E9EEAED9-A26E-4141-8CDE-8DB953064E9A}"
EndProject
Project("{8BC9CEB8-8B4A-11D0-8D11-00A0C91BC942}") = "Espresso", "Espresso\Espresso.vcxproj", "{84518976-31BA-412A-969F-B56B2850F499}"
EndProject
Global
	GlobalSection(SolutionConfigurationPlatforms) = preSolution
		Debug|x64 = Debug|x64
		Dist|x64 = Dist|x64
		Release|x64 = Release|x64
	EndGlobalSection
	GlobalSection(ProjectConfigurationPlatforms) = postSolution
		{0F21E90B-F740-4630-AB8B-5B6163437723}.Debug|x64.ActiveCfg = Debug|x64
		{0F21E90B-F740-4630-AB8B-5B6163437723}.Debug|x64.Build.0 = Debug|x64
		{0F21E90B-F740-4630-AB8B-5B6163437723}.Dist|x64.ActiveCfg = Dist|x64
		{0F21E90B-F740-4630-AB8B-5B6163437723}.Dist|x64.Build.0 = Dist|x64
		{0F21E90B-F740-4630-AB8B-5B6163437723}.Release|x64.ActiveCfg = Release|x64
		{0F21E90B-F740-4630-AB8B-5B6163437723}.Release|x64.Build.0 = Release|x64
		{AF11D856-E559-4651-AB45-2A1B6C515904}.Debug|x64.ActiveCfg = Debug|x64
		{AF11D856-E559-4651-AB45-2A1B6C515904}.Debug|x64.Build.0 = Debug|x64
		{AF11D856-E559-4651-AB45-2A1B6C515904}.Dist|x64.ActiveCfg = Dist|x64
		{AF11D856-E559-4651-AB45-2A1B6C515904}.Dist|x64.Build.0 = Dist|x64
		{AF11D856-E559-4651-AB45-2A1B6C515904}.Release|x64.ActiveCfg = Release|x64
		{AF11D856-E559-4651-AB45-2A1B6C515904}.Release|x64.Build.0 = Release|x64
		{7536A45E-E435-4666-80BA-C6AF85B31889}.Debug|x64.ActiveCfg = Debug|x64
		{7536A45E-E435-4666-80BA-C6AF85B31889}.Debug|x64.Build.0 = Debug|x64
		{7536A45E-E435-4666-80BA-C6AF85B31889}.Dist|x64.ActiveCfg = Dist|x64
		{7536A45E-E435-4666-80BA-C6AF85B31889}.Dist|x64.Build.0 = Dist|x64
		{7536A45E-E435-4666-80BA-C6AF85B31889}.Release|x64.ActiveCfg = Release|x64
		{7536A45E-E435-4666-80BA-C6AF85B31889}.Release|x64.Build.0 = Release|x64
		{DDF81EE9-B856-436B-AC97-0C3099D8B55A}.Debug|x64.ActiveCfg = Debug|x64
		{DDF81EE9-B856-436B-AC97-0C3099D8B55A}.Debug|x64.Build.0 = Debug|x64
		{DDF81EE9-B856-436B-AC97-0C3099D8B55A}.Dist|x64.ActiveCfg = Dist|x64
		{DDF81EE9-B856-436B-AC97-0C3099D8B55A}.Dist|x64.Build.0 = Dist|x64
		{DDF81EE9-B856-436B-AC97-0C3099D8B55A}.Release|x64.ActiveCfg = Release|x64
		{DDF81EE9-B856-436B-AC97-0C3099D8B55A}.Release|x64.Build.0 = Release|x64
		{17DB7CCB-F30E-408B-BE67-F00A40AF67A6}.Debug|x64.ActiveCfg = Debug|x64
		{17DB7CCB-F30E-408B-BE67-F00A40AF67A6}.Debug|x64.Build.0 = Debug|x64
		{17DB7CCB-F30E-408B-BE67-F00A40AF67A6}.Dist|x64.ActiveCfg = Dist|x64
		{17DB7CCB-F30E-408B-BE67-F00A40AF67A6}.Dist|x64.Build.0 = Dist|x64
		{17DB7CCB-F30E-408B-BE67-F00A40AF67A6}.Release|x64.ActiveCfg = Release|x64
		{17DB7CCB-F30E-408B-BE67-F00A40AF67A6}.Release|x64.Build.0 = Release|x64
		{768719D0-D126-44A4-952F-C0C846CC70E4}.Debug|x64.ActiveCfg = Debug|x64
		{768719D0-D126-44A4-952F-C0C846CC70E4}.Debug|x64.Build.0 = Debug|x64
		{768719D0-D126-44A4-952F-C0C846CC70E4}.Dist|x64.ActiveCfg = Dist|x64
		{768719D0-D126-44A4-952F-C0C846CC70E4}.Dist|x64.Build.0 = Dist|x64
		{768719D0-D126-44A4-952F-C0C846CC70E4}.Release|x64.ActiveCfg = Release|x64
		{768719D0-D126-44A4-952F-C0C846CC70E4}.Release|x64.Build.0 = Release|x64
		{333DBDFA-4A91-493A-A720-D8150AB9C44D}.Debug|x64.ActiveCfg = Debug|x64
		{333DBDFA-4A91-493A-A720-D8150AB9C44D}.Debug|x64.Build.0 = Debug|x64
		{333DBDFA-4A91-493A-A720-D8150AB9C44D}.Dist|x64.ActiveCfg = Dist|x64
		{333DBDFA-4A91-493A-A720-D8150AB9C44D}.Dist|x64.Build.0 = Dist|x64
		{333DBDFA-4A91-493A-A720-D8150AB9C44D}.Release|x64.ActiveCfg = Release|x64
		{333DBDFA-4A91-493A-A720-D8150AB9C44D}.Release|x64.Build.0 = Release|x64
		{84518976-31BA-412A-969F-B56B2850F499}.Debug|x64.ActiveCfg = Debug|x64
		{84518976-31BA-412A-969F-B56B2850F499}.Debug|x64.Build.0 = Debug|x64
		{84518976-31BA-412A-969F-B56B2850F499}.Dist|x64.ActiveCfg = Dist|x64
		{84518976-31BA-412A-969F-B56B2850F499}.Dist|x64.Build.0 = Dist|x64
		{84518976-31BA-412A-969F-B56B2850F499}.Release|x64.ActiveCfg = Release|x64
		{84518976-31BA-412A-969F-B56B2850F499}.Release|x64.Build.0 = Release|x64
	EndGlobalSection
	GlobalSection(SolutionProperties) = preSolution
		HideSolutionNode = FALSE
	EndGlobalSection
	GlobalSection(NestedProjects) = preSolution
		{7536A45E-E435-4666-80BA-C6AF85B31889} = {B0954626-0D20-4A53-BEDB-80BF3406B2EC}
		{DDF81EE9-B856-436B-AC97-0C3099D8B55A} = {B0954626-0D20-4A53-BEDB-80BF3406B2EC}
		{17DB7CCB-F30E-408B-BE67-F00A40AF67A6} = {B0954626-0D20-4A53-BEDB-80BF3406B2EC}
		{768719D0-D126-44A4-952F-C0C846CC70E4} = {B0954626-0D20-4A53-BEDB-80BF3406B2EC}
		{333DBDFA-4A91-493A-A720-D8150AB9C44D} = {B0954626-0D20-4A53-BEDB-80BF3406B2EC}
		{84518976-31BA-412A-969F-B56B2850F499} = {E9EEAED9-A26E-4141-8CDE-8DB953064E9A}
	EndGlobalSection
	GlobalSection(ExtensibilityGlobals) = postSolution
		SolutionGuid = {E82F871A-E271-4793-AC9B-83D789EAE79C}
	EndGlobalSection
EndGlobal
